
Microsoft Visual Studio Solution File, Format Version 12.00
# Visual Studio 15
VisualStudioVersion = 15.0.28307.1705
MinimumVisualStudioVersion = 10.0.40219.1
Project("{FAE04EC0-301F-11D3-BF4B-00C04F79EFBC}") = "Seafood", "Seafood\Seafood.csproj", "{BB4C7C8C-31F6-4BF0-9AA0-E2BED144FF9D}"
EndProject
Global
	GlobalSection(SolutionConfigurationPlatforms) = preSolution
		Debug|Any CPU = Debug|Any CPU
		Release|Any CPU = Release|Any CPU
	EndGlobalSection
	GlobalSection(ProjectConfigurationPlatforms) = postSolution
		{BB4C7C8C-31F6-4BF0-9AA0-E2BED144FF9D}.Debug|Any CPU.ActiveCfg = Debug|Any CPU
		{BB4C7C8C-31F6-4BF0-9AA0-E2BED144FF9D}.Debug|Any CPU.Build.0 = Debug|Any CPU
		{BB4C7C8C-31F6-4BF0-9AA0-E2BED144FF9D}.Release|Any CPU.ActiveCfg = Release|Any CPU
		{BB4C7C8C-31F6-4BF0-9AA0-E2BED144FF9D}.Release|Any CPU.Build.0 = Release|Any CPU
	EndGlobalSection
	GlobalSection(SolutionProperties) = preSolution
		HideSolutionNode = FALSE
	EndGlobalSection
	GlobalSection(ExtensibilityGlobals) = postSolution
		SolutionGuid = {DF6E6191-5927-4A6B-915A-D7C6783F4DB0}
	EndGlobalSection
EndGlobal
